lockfileVersion: 5.4

specifiers:
  '@swc/core': ^1.3.63
  dotenv: ^16.1.4
  ethereum-bloom-filters: ^1.0.10
  ts-node: ^10.9.1
  typescript: ^5.1.3
  viem: ^1.0.6
  zod: ^3.21.4

dependencies:
  '@swc/core': 1.3.63
  dotenv: 16.1.4
  ethereum-bloom-filters: 1.0.10
  ts-node: 10.9.1_3hhflcrvuaxf2y6dkqztx7zrku
  typescript: 5.1.3
  viem: 1.0.6_i2fvzue2cjjncoywjfv7hcm7mu
  zod: 3.21.4

packages:

  /@adraffy/ens-normalize/1.9.0:
    resolution: {integrity: sha512-iowxq3U30sghZotgl4s/oJRci6WPBfNO5YYgk2cIOMCHr3LeGPcsZjCEr+33Q4N+oV3OABDAtA+pyvWjbvBifQ==}
    dev: false

  /@cspotcode/source-map-support/0.8.1:
    resolution: {integrity: sha512-IchNf6dN4tHoMFIn/7OE8LWZ19Y6q/67Bmf6vnGREv8RSbBVb9LPJxEcnwrcwX6ixSvaiGoomAUvu4YSxXrVgw==}
    engines: {node: '>=12'}
    dependencies:
      '@jridgewell/trace-mapping': 0.3.9
    dev: false

  /@jridgewell/resolve-uri/3.1.1:
    resolution: {integrity: sha512-dSYZh7HhCDtCKm4QakX0xFpsRDqjjtZf/kjI/v3T3Nwt5r8/qz/M19F9ySyOqU94SXBmeG9ttTul+YnR4LOxFA==}
    engines: {node: '>=6.0.0'}
    dev: false

  /@jridgewell/sourcemap-codec/1.4.15:
    resolution: {integrity: sha512-eF2rxCRulEKXHTRiDrDy6erMYWqNw4LPdQ8UQA4huuxaQsVeRPFl2oM8oDGxMFhJUWZf9McpLtJasDDZb/Bpeg==}
    dev: false

  /@jridgewell/trace-mapping/0.3.9:
    resolution: {integrity: sha512-3Belt6tdc8bPgAtbcmdtNJlirVoTmEb5e2gC94PnkwEW9jI6CAHUeoG85tjWP5WquqfavoMtMwiG4P926ZKKuQ==}
    dependencies:
      '@jridgewell/resolve-uri': 3.1.1
      '@jridgewell/sourcemap-codec': 1.4.15
    dev: false

  /@noble/curves/1.0.0:
    resolution: {integrity: sha512-2upgEu0iLiDVDZkNLeFV2+ht0BAVgQnEmCk6JsOch9Rp8xfkMCbvbAZlA2pBHQc73dbl+vFOXfqkf4uemdn0bw==}
    dependencies:
      '@noble/hashes': 1.3.0
    dev: false

  /@noble/hashes/1.3.0:
    resolution: {integrity: sha512-ilHEACi9DwqJB0pw7kv+Apvh50jiiSyR/cQ3y4W7lOR5mhvn/50FLUfsnfJz0BDZtl/RR16kXvptiv6q1msYZg==}
    dev: false

  /@scure/base/1.1.1:
    resolution: {integrity: sha512-ZxOhsSyxYwLJj3pLZCefNitxsj093tb2vq90mp2txoYeBqbcjDjqFhyM8eUjq/uFm6zJ+mUuqxlS2FkuSY1MTA==}
    dev: false

  /@scure/bip32/1.3.0:
    resolution: {integrity: sha512-bcKpo1oj54hGholplGLpqPHRbIsnbixFtc06nwuNM5/dwSXOq/AAYoIBRsBmnZJSdfeNW5rnff7NTAz3ZCqR9Q==}
    dependencies:
      '@noble/curves': 1.0.0
      '@noble/hashes': 1.3.0
      '@scure/base': 1.1.1
    dev: false

  /@scure/bip39/1.2.0:
    resolution: {integrity: sha512-SX/uKq52cuxm4YFXWFaVByaSHJh2w3BnokVSeUJVCv6K7WulT9u2BuNRBhuFl8vAuYnzx9bEu9WgpcNYTrYieg==}
    dependencies:
      '@noble/hashes': 1.3.0
      '@scure/base': 1.1.1
    dev: false

  /@swc/core-darwin-arm64/1.3.63:
    resolution: {integrity: sha512-lNR0BgG0/6dGpGP+AyFZoZ3YBhZN5GzvgAUzwy4skqn5sKZ7duQD02CNq1lIy7Im5BzgMUcJ+/Z7z/YUlqBK+Q==}
    engines: {node: '>=10'}
    cpu: [arm64]
    os: [darwin]
    requiresBuild: true
    dev: false
    optional: true

  /@swc/core-darwin-x64/1.3.63:
    resolution: {integrity: sha512-1lydnc+LgSD0gwD1axW3+Y1htKZZRn33aJF4ITd6hsA9Y2eIhdMVxgx6peXp8wWzoRBXy5GEMTnd7704oya4zw==}
    engines: {node: '>=10'}
    cpu: [x64]
    os: [darwin]
    requiresBuild: true
    dev: false
    optional: true

  /@swc/core-linux-arm-gnueabihf/1.3.63:
    resolution: {integrity: sha512-cJT+XJ6f25QeAcz2ONy1i8WKP6olqOIbU5fHZKsoPqEZmLkK5NCTnmIolT0HZpH1SNkE/hHkPYGn620Domvn8g==}
    engines: {node: '>=10'}
    cpu: [arm]
    os: [linux]
    requiresBuild: true
    dev: false
    optional: true

  /@swc/core-linux-arm64-gnu/1.3.63:
    resolution: {integrity: sha512-xtuk0v/86i0UR6G+5X6l3bgP1I1iWlEI23ad44L0FNrZ8wLLEvVzYuVoI6U5fKbp91LAsVpdWyyvSAo1sT7BWQ==}
    engines: {node: '>=10'}
    cpu: [arm64]
    os: [linux]
    requiresBuild: true
    dev: false
    optional: true

  /@swc/core-linux-arm64-musl/1.3.63:
    resolution: {integrity: sha512-AIRqE/3659zt5hfZzj3i/xtJbJl1iz9FcYEGUsIqqrxouqZWNbFujQpIguX4qFI7uoM+m6p6pqLjMmArwErRxQ==}
    engines: {node: '>=10'}
    cpu: [arm64]
    os: [linux]
    requiresBuild: true
    dev: false
    optional: true

  /@swc/core-linux-x64-gnu/1.3.63:
    resolution: {integrity: sha512-EAB5gkgDvStJofvdQU40hqEqjtSvtPs3PR0WupZtbLKWWCTWg76uTXQZEKNYx9r60Pt7sx1BAa3XnqgXjmcjDg==}
    engines: {node: '>=10'}
    cpu: [x64]
    os: [linux]
    requiresBuild: true
    dev: false
    optional: true

  /@swc/core-linux-x64-musl/1.3.63:
    resolution: {integrity: sha512-8ScbtDPd8Hr1VkpzCseI5H770YgxxjTFsxinH9UtJWJBFIkdu2rEwjgz4t+lDjsc/R3JWaKt1q8Dkgzqmj+77g==}
    engines: {node: '>=10'}
    cpu: [x64]
    os: [linux]
    requiresBuild: true
    dev: false
    optional: true

  /@swc/core-win32-arm64-msvc/1.3.63:
    resolution: {integrity: sha512-+41tEugXJjpK04KIb2+Xlpb1NArhIne4u0NQo+cHb6ekJoqQmgIj3uNJhQ0v+0DDMjFqbA07l0KYNMgYLBls/A==}
    engines: {node: '>=10'}
    cpu: [arm64]
    os: [win32]
    requiresBuild: true
    dev: false
    optional: true

  /@swc/core-win32-ia32-msvc/1.3.63:
    resolution: {integrity: sha512-W6nPOD5k++rSmoAb0Jg0h7gyfjly8b5ld7cSnmrWKXfmjgxOqxcoqP2LlzNkamg320eqkGaD9n+UnPJDteLTBw==}
    engines: {node: '>=10'}
    cpu: [ia32]
    os: [win32]
    requiresBuild: true
    dev: false
    optional: true

  /@swc/core-win32-x64-msvc/1.3.63:
    resolution: {integrity: sha512-MHNCF3GWtlKZL3vNhMiCrtM4gBHqAv0Iw38bLoJRagh1Q/UDNVjNzWhgngCno9NUQodMtCo6G7iTQilW7YaAQQ==}
    engines: {node: '>=10'}
    cpu: [x64]
    os: [win32]
    requiresBuild: true
    dev: false
    optional: true

  /@swc/core/1.3.63:
    resolution: {integrity: sha512-mNRMr0xcqkvnC1a/H7rpMtbIjq7KKy4XaW/+zj3+w9cH5g72eMo3ADNHE03zHoqPn+Ov3szzFOMHT6rgJlRxow==}
    engines: {node: '>=10'}
    requiresBuild: true
    peerDependencies:
      '@swc/helpers': ^0.5.0
    peerDependenciesMeta:
      '@swc/helpers':
        optional: true
    optionalDependencies:
      '@swc/core-darwin-arm64': 1.3.63
      '@swc/core-darwin-x64': 1.3.63
      '@swc/core-linux-arm-gnueabihf': 1.3.63
      '@swc/core-linux-arm64-gnu': 1.3.63
      '@swc/core-linux-arm64-musl': 1.3.63
      '@swc/core-linux-x64-gnu': 1.3.63
      '@swc/core-linux-x64-musl': 1.3.63
      '@swc/core-win32-arm64-msvc': 1.3.63
      '@swc/core-win32-ia32-msvc': 1.3.63
      '@swc/core-win32-x64-msvc': 1.3.63
    dev: false

  /@tsconfig/node10/1.0.9:
    resolution: {integrity: sha512-jNsYVVxU8v5g43Erja32laIDHXeoNvFEpX33OK4d6hljo3jDhCBDhx5dhCCTMWUojscpAagGiRkBKxpdl9fxqA==}
    dev: false

  /@tsconfig/node12/1.0.11:
    resolution: {integrity: sha512-cqefuRsh12pWyGsIoBKJA9luFu3mRxCA+ORZvA4ktLSzIuCUtWVxGIuXigEwO5/ywWFMZ2QEGKWvkZG1zDMTag==}
    dev: false

  /@tsconfig/node14/1.0.3:
    resolution: {integrity: sha512-ysT8mhdixWK6Hw3i1V2AeRqZ5WfXg1G43mqoYlM2nc6388Fq5jcXyr5mRsqViLx/GJYdoL0bfXD8nmF+Zn/Iow==}
    dev: false

  /@tsconfig/node16/1.0.4:
    resolution: {integrity: sha512-vxhUy4J8lyeyinH7Azl1pdd43GJhZH/tP2weN8TntQblOY+A0XbT8DJk1/oCPuOOyg/Ja757rG0CgHcWC8OfMA==}
    dev: false

  /@wagmi/chains/1.1.0_typescript@5.1.3:
    resolution: {integrity: sha512-pWZlxBk0Ql8E7DV8DwqlbBpOyUdaG9UDlQPBxJNALuEK1I0tbQ3AVvSDnlsEIt06UPmPo5o27gzs3hwPQ/A+UA==}
    peerDependencies:
      typescript: '>=5.0.4'
    peerDependenciesMeta:
      typescript:
        optional: true
    dependencies:
      typescript: 5.1.3
    dev: false

  /abitype/0.8.7_i2fvzue2cjjncoywjfv7hcm7mu:
    resolution: {integrity: sha512-wQ7hV8Yg/yKmGyFpqrNZufCxbszDe5es4AZGYPBitocfSqXtjrTG9JMWFcc4N30ukl2ve48aBTwt7NJxVQdU3w==}
    peerDependencies:
      typescript: '>=5.0.4'
      zod: ^3 >=3.19.1
    peerDependenciesMeta:
      zod:
        optional: true
    dependencies:
      typescript: 5.1.3
      zod: 3.21.4
    dev: false

  /acorn-walk/8.2.0:
    resolution: {integrity: sha512-k+iyHEuPgSw6SbuDpGQM+06HQUa04DZ3o+F6CSzXMvvI5KMvnaEqXe+YVe555R9nn6GPt404fos4wcgpw12SDA==}
    engines: {node: '>=0.4.0'}
    dev: false

  /acorn/8.8.2:
    resolution: {integrity: sha512-xjIYgE8HBrkpd/sJqOGNspf8uHG+NOHGOw6a/Urj8taM2EXfdNAH2oFcPeIFfsv3+kz/mJrS5VuMqbNLjCa2vw==}
    engines: {node: '>=0.4.0'}
    hasBin: true
    dev: false

  /arg/4.1.3:
    resolution: {integrity: sha512-58S9QDqG0Xx27YwPSt9fJxivjYl432YCwfDMfZ+71RAqUrZef7LrKQZ3LHLOwCS4FLNBplP533Zx895SeOCHvA==}
    dev: false

  /create-require/1.1.1:
    resolution: {integrity: sha512-dcKFX3jn0MpIaXjisoRvexIJVEKzaq7z2rZKxf+MSr9TkdmHmsU4m2lcLojrj/FHl8mk5VxMmYA+ftRkP/3oKQ==}
    dev: false

  /diff/4.0.2:
    resolution: {integrity: sha512-58lmxKSA4BNyLz+HHMUzlOEpg09FV+ev6ZMe3vJihgdxzgcwZ8VoEEPmALCZG9LmqfVoNMMKpttIYTVG6uDY7A==}
    engines: {node: '>=0.3.1'}
    dev: false

  /dotenv/16.1.4:
    resolution: {integrity: sha512-m55RtE8AsPeJBpOIFKihEmqUcoVncQIwo7x9U8ZwLEZw9ZpXboz2c+rvog+jUaJvVrZ5kBOeYQBX5+8Aa/OZQw==}
    engines: {node: '>=12'}
    dev: false

  /ethereum-bloom-filters/1.0.10:
    resolution: {integrity: sha512-rxJ5OFN3RwjQxDcFP2Z5+Q9ho4eIdEmSc2ht0fCu8Se9nbXjZ7/031uXoUYJ87KHCOdVeiUuwSnoS7hmYAGVHA==}
    dependencies:
      js-sha3: 0.8.0
    dev: false

  /isomorphic-ws/5.0.0_ws@8.12.0:
    resolution: {integrity: sha512-muId7Zzn9ywDsyXgTIafTry2sV3nySZeUDe6YedVd1Hvuuep5AsIlqK+XefWpYTyJG5e503F2xIuT2lcU6rCSw==}
    peerDependencies:
      ws: '*'
    dependencies:
      ws: 8.12.0
    dev: false

  /js-sha3/0.8.0:
    resolution: {integrity: sha512-gF1cRrHhIzNfToc802P800N8PpXS+evLLXfsVpowqmAFR9uwbi89WvXg2QspOmXL8QL86J4T1EpFu+yUkwJY3Q==}
    dev: false

  /make-error/1.3.6:
    resolution: {integrity: sha512-s8UhlNe7vPKomQhC1qFelMokr/Sc3AgNbso3n74mVPA5LTZwkB9NlXf4XPamLxJE8h0gh73rM94xvwRT2CVInw==}
    dev: false

  /ts-node/10.9.1_3hhflcrvuaxf2y6dkqztx7zrku:
    resolution: {integrity: sha512-NtVysVPkxxrwFGUUxGYhfux8k78pQB3JqYBXlLRZgdGUqTO5wU/UyHop5p70iEbGhB7q5KmiZiU0Y3KlJrScEw==}
    hasBin: true
    peerDependencies:
      '@swc/core': '>=1.2.50'
      '@swc/wasm': '>=1.2.50'
      '@types/node': '*'
      typescript: '>=2.7'
    peerDependenciesMeta:
      '@swc/core':
        optional: true
      '@swc/wasm':
        optional: true
    dependencies:
      '@cspotcode/source-map-support': 0.8.1
      '@swc/core': 1.3.63
      '@tsconfig/node10': 1.0.9
      '@tsconfig/node12': 1.0.11
      '@tsconfig/node14': 1.0.3
      '@tsconfig/node16': 1.0.4
      acorn: 8.8.2
      acorn-walk: 8.2.0
      arg: 4.1.3
      create-require: 1.1.1
      diff: 4.0.2
      make-error: 1.3.6
      typescript: 5.1.3
      v8-compile-cache-lib: 3.0.1
      yn: 3.1.1
    dev: false

  /typescript/5.1.3:
    resolution: {integrity: sha512-XH627E9vkeqhlZFQuL+UsyAXEnibT0kWR2FWONlr4sTjvxyJYnyefgrkyECLzM5NenmKzRAy2rR/OlYLA1HkZw==}
    engines: {node: '>=14.17'}
    hasBin: true
    dev: false

  /v8-compile-cache-lib/3.0.1:
    resolution: {integrity: sha512-wa7YjyUGfNZngI/vtK0UHAN+lgDCxBPCylVXGp0zu59Fz5aiGtNXaq3DhIov063MorB+VfufLh3JlF2KdTK3xg==}
    dev: false

  /viem/1.0.6_i2fvzue2cjjncoywjfv7hcm7mu:
    resolution: {integrity: sha512-NOVDREj8bWHajuP5Nw6edd0v3auuGWvLHGScmo9OOt1l7g3f1xMQxPA6JlhNmWXzoHjzzxt/5SorBn2DQ6N6Sg==}
    dependencies:
      '@adraffy/ens-normalize': 1.9.0
      '@noble/curves': 1.0.0
      '@noble/hashes': 1.3.0
      '@scure/bip32': 1.3.0
      '@scure/bip39': 1.2.0
      '@wagmi/chains': 1.1.0_typescript@5.1.3
      abitype: 0.8.7_i2fvzue2cjjncoywjfv7hcm7mu
      isomorphic-ws: 5.0.0_ws@8.12.0
      ws: 8.12.0
    transitivePeerDependencies:
      - bufferutil
      - typescript
      - utf-8-validate
      - zod
    dev: false

  /ws/8.12.0:
    resolution: {integrity: sha512-kU62emKIdKVeEIOIKVegvqpXMSTAMLJozpHZaJNDYqBjzlSYXQGviYwN1osDLJ9av68qHd4a2oSjd7yD4pacig==}
    engines: {node: '>=10.0.0'}
    peerDependencies:
      bufferutil: ^4.0.1
      utf-8-validate: '>=5.0.2'
    peerDependenciesMeta:
      bufferutil:
        optional: true
      utf-8-validate:
        optional: true
    dev: false

  /yn/3.1.1:
    resolution: {integrity: sha512-Ux4ygGWsu2c7isFWe8Yu1YluJmqVhxqK2cLXNQA5AcC3QfbGNpM7fu0Y8b/z16pXLnFxZYvWhd3fhBY9DLmC6Q==}
    engines: {node: '>=6'}
    dev: false

  /zod/3.21.4:
    resolution: {integrity: sha512-m46AKbrzKVzOzs/DZgVnG5H55N1sv1M8qZU3A8RIKbs3mrACDNeIOeilDymVb2HdmP8uwshOCF4uJ8uM9rCqJw==}
    dev: false
